// !$*UTF8*$!
{
	archiveVersion = 1;
	classes = {
	};
	objectVersion = 56;
	objects = {

/* Begin PBXBuildFile section */
		475F6BFC74CA34C1150D7451 /* Pods_rick_and_morty.framework in Frameworks */ = {isa = PBXBuildFile; fileRef = 58426A533E4E58D9DC09D78E /* Pods_rick_and_morty.framework */; };
		C408E08B2A8A2A8100CEB1B3 /* NetworkManager.swift in Sources */ = {isa = PBXBuildFile; fileRef = C408E08A2A8A2A8100CEB1B3 /* NetworkManager.swift */; };
		C408E08D2A8A2D9900CEB1B3 /* NetworkHTTPMethod.swift in Sources */ = {isa = PBXBuildFile; fileRef = C408E08C2A8A2D9900CEB1B3 /* NetworkHTTPMethod.swift */; };
		C408E08F2A8A3B7400CEB1B3 /* NetworkError.swift in Sources */ = {isa = PBXBuildFile; fileRef = C408E08E2A8A3B7400CEB1B3 /* NetworkError.swift */; };
		C408E0912A8A5C9800CEB1B3 /* TabBarViewController.swift in Sources */ = {isa = PBXBuildFile; fileRef = C408E0902A8A5C9800CEB1B3 /* TabBarViewController.swift */; };
		C408E0932A8A5FC000CEB1B3 /* CharactersViewController.swift in Sources */ = {isa = PBXBuildFile; fileRef = C408E0922A8A5FC000CEB1B3 /* CharactersViewController.swift */; };
		C408E0962A8A601E00CEB1B3 /* EpisodesViewController.swift in Sources */ = {isa = PBXBuildFile; fileRef = C408E0952A8A601E00CEB1B3 /* EpisodesViewController.swift */; };
		C408E0992A8A606400CEB1B3 /* LocationsViewController.swift in Sources */ = {isa = PBXBuildFile; fileRef = C408E0982A8A606400CEB1B3 /* LocationsViewController.swift */; };
		C40D69232AAB77390032546E /* CharacterEpisodeCollectionViewCell.swift in Sources */ = {isa = PBXBuildFile; fileRef = C40D69222AAB77390032546E /* CharacterEpisodeCollectionViewCell.swift */; };
		C4198F932AB049D30015EB21 /* CharacterPhotoCollectionViewCell.swift in Sources */ = {isa = PBXBuildFile; fileRef = C4198F922AB049D30015EB21 /* CharacterPhotoCollectionViewCell.swift */; };
		C43517F92A8E4B8F00095D38 /* Localizable.strings in Resources */ = {isa = PBXBuildFile; fileRef = C43517FB2A8E4B8F00095D38 /* Localizable.strings */; };
		C442A0C42A8F63A3001FBF70 /* String+Localized.swift in Sources */ = {isa = PBXBuildFile; fileRef = C442A0C32A8F63A3001FBF70 /* String+Localized.swift */; };
		C442A0CD2A8F7889001FBF70 /* GetCharactersInteractor.swift in Sources */ = {isa = PBXBuildFile; fileRef = C442A0CC2A8F7889001FBF70 /* GetCharactersInteractor.swift */; };
		C442A0D12A8F79B9001FBF70 /* CharactersRouter.swift in Sources */ = {isa = PBXBuildFile; fileRef = C442A0D02A8F79B9001FBF70 /* CharactersRouter.swift */; };
		C442A0D32A8F79C6001FBF70 /* CharactersPresenter.swift in Sources */ = {isa = PBXBuildFile; fileRef = C442A0D22A8F79C6001FBF70 /* CharactersPresenter.swift */; };
		C442A0D72A8FB608001FBF70 /* CharacterDataSource.swift in Sources */ = {isa = PBXBuildFile; fileRef = C442A0D62A8FB608001FBF70 /* CharacterDataSource.swift */; };
		C442A0D92A8FB61C001FBF70 /* CharacterDTO.swift in Sources */ = {isa = PBXBuildFile; fileRef = C442A0D82A8FB61C001FBF70 /* CharacterDTO.swift */; };
		C46826E22A9364500031167F /* CharacterStatusDTO.swift in Sources */ = {isa = PBXBuildFile; fileRef = C46826E12A9364500031167F /* CharacterStatusDTO.swift */; };
		C46826E42A9366340031167F /* CharacterGenderDTO.swift in Sources */ = {isa = PBXBuildFile; fileRef = C46826E32A9366340031167F /* CharacterGenderDTO.swift */; };
		C46826E62A9367C60031167F /* CharacterOriginDTO.swift in Sources */ = {isa = PBXBuildFile; fileRef = C46826E52A9367C60031167F /* CharacterOriginDTO.swift */; };
		C46826E82A9368C90031167F /* CharacterLocationDTO.swift in Sources */ = {isa = PBXBuildFile; fileRef = C46826E72A9368C90031167F /* CharacterLocationDTO.swift */; };
		C46826EB2A93B61A0031167F /* NetworkURL.swift in Sources */ = {isa = PBXBuildFile; fileRef = C46826EA2A93B61A0031167F /* NetworkURL.swift */; };
		C4BD37492AA9C5AD00979D5D /* CharacterInfoCollectionViewCell.swift in Sources */ = {isa = PBXBuildFile; fileRef = C4BD37482AA9C5AD00979D5D /* CharacterInfoCollectionViewCell.swift */; };
		C4C0E3C02A73C0F10044BDE1 /* AppDelegate.swift in Sources */ = {isa = PBXBuildFile; fileRef = C4C0E3BF2A73C0F10044BDE1 /* AppDelegate.swift */; };
		C4C0E3C92A73C0F10044BDE1 /* Assets.xcassets in Resources */ = {isa = PBXBuildFile; fileRef = C4C0E3C82A73C0F10044BDE1 /* Assets.xcassets */; };
		C4C0E3CC2A73C0F10044BDE1 /* LaunchScreen.storyboard in Resources */ = {isa = PBXBuildFile; fileRef = C4C0E3CA2A73C0F10044BDE1 /* LaunchScreen.storyboard */; };
		C4C0E3DB2A73CE480044BDE1 /* SplashViewController.swift in Sources */ = {isa = PBXBuildFile; fileRef = C4C0E3D92A73CE480044BDE1 /* SplashViewController.swift */; };
		C4C0E3DC2A73CE480044BDE1 /* SplashViewController.xib in Resources */ = {isa = PBXBuildFile; fileRef = C4C0E3DA2A73CE480044BDE1 /* SplashViewController.xib */; };
		C4C66BE92AA8725E00407E0D /* CharacterDetailRouter.swift in Sources */ = {isa = PBXBuildFile; fileRef = C4C66BE82AA8725E00407E0D /* CharacterDetailRouter.swift */; };
		C4C66BEB2AA8729300407E0D /* CharacterDetailViewController.swift in Sources */ = {isa = PBXBuildFile; fileRef = C4C66BEA2AA8729300407E0D /* CharacterDetailViewController.swift */; };
		C4C66BED2AA872B500407E0D /* CharacterDetailPresenter.swift in Sources */ = {isa = PBXBuildFile; fileRef = C4C66BEC2AA872B500407E0D /* CharacterDetailPresenter.swift */; };
		C4CEA3A52A8BBB8F009B4EAE /* CharacterTableViewCell.swift in Sources */ = {isa = PBXBuildFile; fileRef = C4CEA3A42A8BBB8F009B4EAE /* CharacterTableViewCell.swift */; };
		C4D135662A9612820044E5EB /* NetworkEndpoint.swift in Sources */ = {isa = PBXBuildFile; fileRef = C4D135652A9612820044E5EB /* NetworkEndpoint.swift */; };
		C4D135692A9612D50044E5EB /* Constant.swift in Sources */ = {isa = PBXBuildFile; fileRef = C4D135682A9612D50044E5EB /* Constant.swift */; };
		C4D1356B2A96536C0044E5EB /* AllCharactersDTO.swift in Sources */ = {isa = PBXBuildFile; fileRef = C4D1356A2A96536C0044E5EB /* AllCharactersDTO.swift */; };
		C4D4420D2A8CC73300DDABD5 /* UIColor+Settings.swift in Sources */ = {isa = PBXBuildFile; fileRef = C4D4420C2A8CC73300DDABD5 /* UIColor+Settings.swift */; };
/* End PBXBuildFile section */

/* Begin PBXFileReference section */
		58426A533E4E58D9DC09D78E /* Pods_rick_and_morty.framework */ = {isa = PBXFileReference; explicitFileType = wrapper.framework; includeInIndex = 0; path = Pods_rick_and_morty.framework; sourceTree = BUILT_PRODUCTS_DIR; };
		60091861B62A76F1BA896ED7 /* Pods-rick-and-morty.release.xcconfig */ = {isa = PBXFileReference; includeInIndex = 1; lastKnownFileType = text.xcconfig; name = "Pods-rick-and-morty.release.xcconfig"; path = "Target Support Files/Pods-rick-and-morty/Pods-rick-and-morty.release.xcconfig"; sourceTree = "<group>"; };
		C408E08A2A8A2A8100CEB1B3 /* NetworkManager.swift */ = {isa = PBXFileReference; lastKnownFileType = sourcecode.swift; path = NetworkManager.swift; sourceTree = "<group>"; };
		C408E08C2A8A2D9900CEB1B3 /* NetworkHTTPMethod.swift */ = {isa = PBXFileReference; lastKnownFileType = sourcecode.swift; path = NetworkHTTPMethod.swift; sourceTree = "<group>"; };
		C408E08E2A8A3B7400CEB1B3 /* NetworkError.swift */ = {isa = PBXFileReference; lastKnownFileType = sourcecode.swift; path = NetworkError.swift; sourceTree = "<group>"; };
		C408E0902A8A5C9800CEB1B3 /* TabBarViewController.swift */ = {isa = PBXFileReference; lastKnownFileType = sourcecode.swift; path = TabBarViewController.swift; sourceTree = "<group>"; };
		C408E0922A8A5FC000CEB1B3 /* CharactersViewController.swift */ = {isa = PBXFileReference; lastKnownFileType = sourcecode.swift; path = CharactersViewController.swift; sourceTree = "<group>"; };
		C408E0952A8A601E00CEB1B3 /* EpisodesViewController.swift */ = {isa = PBXFileReference; lastKnownFileType = sourcecode.swift; path = EpisodesViewController.swift; sourceTree = "<group>"; };
		C408E0982A8A606400CEB1B3 /* LocationsViewController.swift */ = {isa = PBXFileReference; lastKnownFileType = sourcecode.swift; path = LocationsViewController.swift; sourceTree = "<group>"; };
		C40D69222AAB77390032546E /* CharacterEpisodeCollectionViewCell.swift */ = {isa = PBXFileReference; lastKnownFileType = sourcecode.swift; path = CharacterEpisodeCollectionViewCell.swift; sourceTree = "<group>"; };
		C4198F922AB049D30015EB21 /* CharacterPhotoCollectionViewCell.swift */ = {isa = PBXFileReference; lastKnownFileType = sourcecode.swift; path = CharacterPhotoCollectionViewCell.swift; sourceTree = "<group>"; };
		C43517FA2A8E4B8F00095D38 /* en */ = {isa = PBXFileReference; lastKnownFileType = text.plist.strings; name = en; path = en.lproj/Localizable.strings; sourceTree = "<group>"; };
		C43517FD2A8E4BDE00095D38 /* es */ = {isa = PBXFileReference; lastKnownFileType = text.plist.strings; name = es; path = es.lproj/Localizable.strings; sourceTree = "<group>"; };
		C442A0C32A8F63A3001FBF70 /* String+Localized.swift */ = {isa = PBXFileReference; lastKnownFileType = sourcecode.swift; path = "String+Localized.swift"; sourceTree = "<group>"; };
		C442A0CC2A8F7889001FBF70 /* GetCharactersInteractor.swift */ = {isa = PBXFileReference; lastKnownFileType = sourcecode.swift; path = GetCharactersInteractor.swift; sourceTree = "<group>"; };
		C442A0D02A8F79B9001FBF70 /* CharactersRouter.swift */ = {isa = PBXFileReference; lastKnownFileType = sourcecode.swift; path = CharactersRouter.swift; sourceTree = "<group>"; };
		C442A0D22A8F79C6001FBF70 /* CharactersPresenter.swift */ = {isa = PBXFileReference; lastKnownFileType = sourcecode.swift; path = CharactersPresenter.swift; sourceTree = "<group>"; };
		C442A0D62A8FB608001FBF70 /* CharacterDataSource.swift */ = {isa = PBXFileReference; lastKnownFileType = sourcecode.swift; path = CharacterDataSource.swift; sourceTree = "<group>"; };
		C442A0D82A8FB61C001FBF70 /* CharacterDTO.swift */ = {isa = PBXFileReference; lastKnownFileType = sourcecode.swift; path = CharacterDTO.swift; sourceTree = "<group>"; };
		C46826E12A9364500031167F /* CharacterStatusDTO.swift */ = {isa = PBXFileReference; lastKnownFileType = sourcecode.swift; path = CharacterStatusDTO.swift; sourceTree = "<group>"; };
		C46826E32A9366340031167F /* CharacterGenderDTO.swift */ = {isa = PBXFileReference; lastKnownFileType = sourcecode.swift; path = CharacterGenderDTO.swift; sourceTree = "<group>"; };
		C46826E52A9367C60031167F /* CharacterOriginDTO.swift */ = {isa = PBXFileReference; lastKnownFileType = sourcecode.swift; path = CharacterOriginDTO.swift; sourceTree = "<group>"; };
		C46826E72A9368C90031167F /* CharacterLocationDTO.swift */ = {isa = PBXFileReference; lastKnownFileType = sourcecode.swift; path = CharacterLocationDTO.swift; sourceTree = "<group>"; };
		C46826EA2A93B61A0031167F /* NetworkURL.swift */ = {isa = PBXFileReference; lastKnownFileType = sourcecode.swift; path = NetworkURL.swift; sourceTree = "<group>"; };
		C4BD37482AA9C5AD00979D5D /* CharacterInfoCollectionViewCell.swift */ = {isa = PBXFileReference; lastKnownFileType = sourcecode.swift; path = CharacterInfoCollectionViewCell.swift; sourceTree = "<group>"; };
		C4C0E3BC2A73C0F10044BDE1 /* rick-and-morty.app */ = {isa = PBXFileReference; explicitFileType = wrapper.application; includeInIndex = 0; path = "rick-and-morty.app"; sourceTree = BUILT_PRODUCTS_DIR; };
		C4C0E3BF2A73C0F10044BDE1 /* AppDelegate.swift */ = {isa = PBXFileReference; lastKnownFileType = sourcecode.swift; path = AppDelegate.swift; sourceTree = "<group>"; };
		C4C0E3C82A73C0F10044BDE1 /* Assets.xcassets */ = {isa = PBXFileReference; lastKnownFileType = folder.assetcatalog; path = Assets.xcassets; sourceTree = "<group>"; };
		C4C0E3CB2A73C0F10044BDE1 /* Base */ = {isa = PBXFileReference; lastKnownFileType = file.storyboard; name = Base; path = Base.lproj/LaunchScreen.storyboard; sourceTree = "<group>"; };
		C4C0E3CD2A73C0F10044BDE1 /* Info.plist */ = {isa = PBXFileReference; lastKnownFileType = text.plist.xml; path = Info.plist; sourceTree = "<group>"; };
		C4C0E3D92A73CE480044BDE1 /* SplashViewController.swift */ = {isa = PBXFileReference; lastKnownFileType = sourcecode.swift; path = SplashViewController.swift; sourceTree = "<group>"; };
		C4C0E3DA2A73CE480044BDE1 /* SplashViewController.xib */ = {isa = PBXFileReference; lastKnownFileType = file.xib; path = SplashViewController.xib; sourceTree = "<group>"; };
		C4C66BE82AA8725E00407E0D /* CharacterDetailRouter.swift */ = {isa = PBXFileReference; lastKnownFileType = sourcecode.swift; path = CharacterDetailRouter.swift; sourceTree = "<group>"; };
		C4C66BEA2AA8729300407E0D /* CharacterDetailViewController.swift */ = {isa = PBXFileReference; lastKnownFileType = sourcecode.swift; path = CharacterDetailViewController.swift; sourceTree = "<group>"; };
		C4C66BEC2AA872B500407E0D /* CharacterDetailPresenter.swift */ = {isa = PBXFileReference; lastKnownFileType = sourcecode.swift; path = CharacterDetailPresenter.swift; sourceTree = "<group>"; };
		C4CEA3A42A8BBB8F009B4EAE /* CharacterTableViewCell.swift */ = {isa = PBXFileReference; lastKnownFileType = sourcecode.swift; path = CharacterTableViewCell.swift; sourceTree = "<group>"; };
		C4D135652A9612820044E5EB /* NetworkEndpoint.swift */ = {isa = PBXFileReference; lastKnownFileType = sourcecode.swift; path = NetworkEndpoint.swift; sourceTree = "<group>"; };
		C4D135682A9612D50044E5EB /* Constant.swift */ = {isa = PBXFileReference; lastKnownFileType = sourcecode.swift; path = Constant.swift; sourceTree = "<group>"; };
		C4D1356A2A96536C0044E5EB /* AllCharactersDTO.swift */ = {isa = PBXFileReference; lastKnownFileType = sourcecode.swift; path = AllCharactersDTO.swift; sourceTree = "<group>"; };
		C4D4420C2A8CC73300DDABD5 /* UIColor+Settings.swift */ = {isa = PBXFileReference; lastKnownFileType = sourcecode.swift; path = "UIColor+Settings.swift"; sourceTree = "<group>"; };
		D1966DEF0F09E70A25B9A2E3 /* Pods-rick-and-morty.debug.xcconfig */ = {isa = PBXFileReference; includeInIndex = 1; lastKnownFileType = text.xcconfig; name = "Pods-rick-and-morty.debug.xcconfig"; path = "Target Support Files/Pods-rick-and-morty/Pods-rick-and-morty.debug.xcconfig"; sourceTree = "<group>"; };
/* End PBXFileReference section */

/* Begin PBXFrameworksBuildPhase section */
		C4C0E3B92A73C0F10044BDE1 /* Frameworks */ = {
			isa = PBXFrameworksBuildPhase;
			buildActionMask = 2147483647;
			files = (
				475F6BFC74CA34C1150D7451 /* Pods_rick_and_morty.framework in Frameworks */,
			);
			runOnlyForDeploymentPostprocessing = 0;
		};
/* End PBXFrameworksBuildPhase section */

/* Begin PBXGroup section */
		48EA57B9DDCDE9404649C3B2 /* Pods */ = {
			isa = PBXGroup;
			children = (
				D1966DEF0F09E70A25B9A2E3 /* Pods-rick-and-morty.debug.xcconfig */,
				60091861B62A76F1BA896ED7 /* Pods-rick-and-morty.release.xcconfig */,
			);
			path = Pods;
			sourceTree = "<group>";
		};
		C408E0872A8A1E8C00CEB1B3 /* Characters */ = {
			isa = PBXGroup;
			children = (
				C442A0C52A8F6AFC001FBF70 /* Router */,
				C408E09B2A8A6F7100CEB1B3 /* View */,
				C442A0C62A8F6B0A001FBF70 /* Presenter */,
			);
			path = Characters;
			sourceTree = "<group>";
		};
		C408E0882A8A2A4400CEB1B3 /* Manager */ = {
			isa = PBXGroup;
			children = (
				C408E0892A8A2A6400CEB1B3 /* Network */,
			);
			path = Manager;
			sourceTree = "<group>";
		};
		C408E0892A8A2A6400CEB1B3 /* Network */ = {
			isa = PBXGroup;
			children = (
				C408E08A2A8A2A8100CEB1B3 /* NetworkManager.swift */,
				C408E08C2A8A2D9900CEB1B3 /* NetworkHTTPMethod.swift */,
				C408E08E2A8A3B7400CEB1B3 /* NetworkError.swift */,
				C46826EA2A93B61A0031167F /* NetworkURL.swift */,
				C4D135652A9612820044E5EB /* NetworkEndpoint.swift */,
			);
			path = Network;
			sourceTree = "<group>";
		};
		C408E0942A8A600E00CEB1B3 /* Episodes */ = {
			isa = PBXGroup;
			children = (
				C408E09C2A8A6F7900CEB1B3 /* View */,
			);
			path = Episodes;
			sourceTree = "<group>";
		};
		C408E0972A8A604D00CEB1B3 /* Locations */ = {
			isa = PBXGroup;
			children = (
				C408E09D2A8A6F8000CEB1B3 /* View */,
			);
			path = Locations;
			sourceTree = "<group>";
		};
		C408E09A2A8A607500CEB1B3 /* TabBar */ = {
			isa = PBXGroup;
			children = (
				C408E0902A8A5C9800CEB1B3 /* TabBarViewController.swift */,
			);
			path = TabBar;
			sourceTree = "<group>";
		};
		C408E09B2A8A6F7100CEB1B3 /* View */ = {
			isa = PBXGroup;
			children = (
				C408E0922A8A5FC000CEB1B3 /* CharactersViewController.swift */,
				C4CEA3A42A8BBB8F009B4EAE /* CharacterTableViewCell.swift */,
			);
			path = View;
			sourceTree = "<group>";
		};
		C408E09C2A8A6F7900CEB1B3 /* View */ = {
			isa = PBXGroup;
			children = (
				C408E0952A8A601E00CEB1B3 /* EpisodesViewController.swift */,
			);
			path = View;
			sourceTree = "<group>";
		};
		C408E09D2A8A6F8000CEB1B3 /* View */ = {
			isa = PBXGroup;
			children = (
				C408E0982A8A606400CEB1B3 /* LocationsViewController.swift */,
			);
			path = View;
			sourceTree = "<group>";
		};
		C442A0C52A8F6AFC001FBF70 /* Router */ = {
			isa = PBXGroup;
			children = (
				C442A0D02A8F79B9001FBF70 /* CharactersRouter.swift */,
			);
			path = Router;
			sourceTree = "<group>";
		};
		C442A0C62A8F6B0A001FBF70 /* Presenter */ = {
			isa = PBXGroup;
			children = (
				C442A0D22A8F79C6001FBF70 /* CharactersPresenter.swift */,
			);
			path = Presenter;
			sourceTree = "<group>";
		};
		C442A0C72A8F6B4B001FBF70 /* Domain */ = {
			isa = PBXGroup;
			children = (
				C442A0C82A8F6BC0001FBF70 /* GetCharacters */,
			);
			path = Domain;
			sourceTree = "<group>";
		};
		C442A0C82A8F6BC0001FBF70 /* GetCharacters */ = {
			isa = PBXGroup;
			children = (
				C442A0C92A8F6BDB001FBF70 /* Interactor */,
			);
			path = GetCharacters;
			sourceTree = "<group>";
		};
		C442A0C92A8F6BDB001FBF70 /* Interactor */ = {
			isa = PBXGroup;
			children = (
				C442A0CC2A8F7889001FBF70 /* GetCharactersInteractor.swift */,
			);
			path = Interactor;
			sourceTree = "<group>";
		};
		C442A0CB2A8F7707001FBF70 /* Data */ = {
			isa = PBXGroup;
			children = (
				C4D135642A960F730044E5EB /* Character */,
			);
			path = Data;
			sourceTree = "<group>";
		};
		C442A0D42A8FB5D1001FBF70 /* DataSource */ = {
			isa = PBXGroup;
			children = (
				C442A0D62A8FB608001FBF70 /* CharacterDataSource.swift */,
			);
			path = DataSource;
			sourceTree = "<group>";
		};
		C442A0D52A8FB5DC001FBF70 /* DTO */ = {
			isa = PBXGroup;
			children = (
				C4D1356A2A96536C0044E5EB /* AllCharactersDTO.swift */,
				C442A0D82A8FB61C001FBF70 /* CharacterDTO.swift */,
				C46826E12A9364500031167F /* CharacterStatusDTO.swift */,
				C46826E32A9366340031167F /* CharacterGenderDTO.swift */,
				C46826E52A9367C60031167F /* CharacterOriginDTO.swift */,
				C46826E72A9368C90031167F /* CharacterLocationDTO.swift */,
			);
			path = DTO;
			sourceTree = "<group>";
		};
		C4C0E3B32A73C0F10044BDE1 = {
			isa = PBXGroup;
			children = (
				C4C0E3BE2A73C0F10044BDE1 /* rick-and-morty */,
				C4C0E3BD2A73C0F10044BDE1 /* Products */,
				48EA57B9DDCDE9404649C3B2 /* Pods */,
				FAD91C4B51CEED0ADACB3339 /* Frameworks */,
			);
			sourceTree = "<group>";
		};
		C4C0E3BD2A73C0F10044BDE1 /* Products */ = {
			isa = PBXGroup;
			children = (
				C4C0E3BC2A73C0F10044BDE1 /* rick-and-morty.app */,
			);
			name = Products;
			sourceTree = "<group>";
		};
		C4C0E3BE2A73C0F10044BDE1 /* rick-and-morty */ = {
			isa = PBXGroup;
			children = (
				C4C0E3D42A73CB080044BDE1 /* Resource */,
				C4C0E3D32A73CAF90044BDE1 /* Source */,
			);
			path = "rick-and-morty";
			sourceTree = "<group>";
		};
		C4C0E3D32A73CAF90044BDE1 /* Source */ = {
			isa = PBXGroup;
			children = (
				C4C0E3D52A73CC270044BDE1 /* AppDelegate */,
				C4C0E3D62A73CC500044BDE1 /* Common */,
				C4C0E3D72A73CCB90044BDE1 /* Module */,
				C442A0C72A8F6B4B001FBF70 /* Domain */,
				C442A0CB2A8F7707001FBF70 /* Data */,
			);
			path = Source;
			sourceTree = "<group>";
		};
		C4C0E3D42A73CB080044BDE1 /* Resource */ = {
			isa = PBXGroup;
			children = (
				C4C0E3C82A73C0F10044BDE1 /* Assets.xcassets */,
				C4C0E3CD2A73C0F10044BDE1 /* Info.plist */,
				C4C0E3CA2A73C0F10044BDE1 /* LaunchScreen.storyboard */,
				C43517FB2A8E4B8F00095D38 /* Localizable.strings */,
			);
			path = Resource;
			sourceTree = "<group>";
		};
		C4C0E3D52A73CC270044BDE1 /* AppDelegate */ = {
			isa = PBXGroup;
			children = (
				C4C0E3BF2A73C0F10044BDE1 /* AppDelegate.swift */,
			);
			path = AppDelegate;
			sourceTree = "<group>";
		};
		C4C0E3D62A73CC500044BDE1 /* Common */ = {
			isa = PBXGroup;
			children = (
				C4D135672A9612C10044E5EB /* Util */,
				C4CEA3A12A8B8433009B4EAE /* Extensions */,
				C408E0882A8A2A4400CEB1B3 /* Manager */,
			);
			path = Common;
			sourceTree = "<group>";
		};
		C4C0E3D72A73CCB90044BDE1 /* Module */ = {
			isa = PBXGroup;
			children = (
				C4C0E3D82A73CE0F0044BDE1 /* Splash */,
				C408E09A2A8A607500CEB1B3 /* TabBar */,
				C408E0872A8A1E8C00CEB1B3 /* Characters */,
				C4C66BE42AA86CDF00407E0D /* Character Detail */,
				C408E0942A8A600E00CEB1B3 /* Episodes */,
				C408E0972A8A604D00CEB1B3 /* Locations */,
			);
			path = Module;
			sourceTree = "<group>";
		};
		C4C0E3D82A73CE0F0044BDE1 /* Splash */ = {
			isa = PBXGroup;
			children = (
				C4C0E3D92A73CE480044BDE1 /* SplashViewController.swift */,
				C4C0E3DA2A73CE480044BDE1 /* SplashViewController.xib */,
			);
			path = Splash;
			sourceTree = "<group>";
		};
		C4C66BE42AA86CDF00407E0D /* Character Detail */ = {
			isa = PBXGroup;
			children = (
				C4C66BE52AA86D1C00407E0D /* Router */,
				C4C66BE62AA86D2400407E0D /* View */,
				C4C66BE72AA86D3500407E0D /* Presenter */,
			);
			path = "Character Detail";
			sourceTree = "<group>";
		};
		C4C66BE52AA86D1C00407E0D /* Router */ = {
			isa = PBXGroup;
			children = (
				C4C66BE82AA8725E00407E0D /* CharacterDetailRouter.swift */,
			);
			path = Router;
			sourceTree = "<group>";
		};
		C4C66BE62AA86D2400407E0D /* View */ = {
			isa = PBXGroup;
			children = (
				C4C66BEA2AA8729300407E0D /* CharacterDetailViewController.swift */,
				C4198F922AB049D30015EB21 /* CharacterPhotoCollectionViewCell.swift */,
				C4BD37482AA9C5AD00979D5D /* CharacterInfoCollectionViewCell.swift */,
				C40D69222AAB77390032546E /* CharacterEpisodeCollectionViewCell.swift */,
			);
			path = View;
			sourceTree = "<group>";
		};
		C4C66BE72AA86D3500407E0D /* Presenter */ = {
			isa = PBXGroup;
			children = (
				C4C66BEC2AA872B500407E0D /* CharacterDetailPresenter.swift */,
			);
			path = Presenter;
			sourceTree = "<group>";
		};
		C4CEA3A12A8B8433009B4EAE /* Extensions */ = {
			isa = PBXGroup;
			children = (
				C4D4420C2A8CC73300DDABD5 /* UIColor+Settings.swift */,
				C442A0C32A8F63A3001FBF70 /* String+Localized.swift */,
			);
			path = Extensions;
			sourceTree = "<group>";
		};
		C4D135642A960F730044E5EB /* Character */ = {
			isa = PBXGroup;
			children = (
				C442A0D42A8FB5D1001FBF70 /* DataSource */,
				C442A0D52A8FB5DC001FBF70 /* DTO */,
			);
			path = Character;
			sourceTree = "<group>";
		};
		C4D135672A9612C10044E5EB /* Util */ = {
			isa = PBXGroup;
			children = (
				C4D135682A9612D50044E5EB /* Constant.swift */,
			);
			path = Util;
			sourceTree = "<group>";
		};
		FAD91C4B51CEED0ADACB3339 /* Frameworks */ = {
			isa = PBXGroup;
			children = (
				58426A533E4E58D9DC09D78E /* Pods_rick_and_morty.framework */,
			);
			name = Frameworks;
			sourceTree = "<group>";
		};
/* End PBXGroup section */

/* Begin PBXNativeTarget section */
		C4C0E3BB2A73C0F10044BDE1 /* rick-and-morty */ = {
			isa = PBXNativeTarget;
			buildConfigurationList = C4C0E3D02A73C0F10044BDE1 /* Build configuration list for PBXNativeTarget "rick-and-morty" */;
			buildPhases = (
				809759CC94DC7C6E9A8D6B46 /* [CP] Check Pods Manifest.lock */,
				C4C0E3B82A73C0F10044BDE1 /* Sources */,
				C4C0E3B92A73C0F10044BDE1 /* Frameworks */,
				C4C0E3BA2A73C0F10044BDE1 /* Resources */,
				336067906617504E71780B2C /* [CP] Embed Pods Frameworks */,
			);
			buildRules = (
			);
			dependencies = (
			);
			name = "rick-and-morty";
			productName = "rick-and-morty";
			productReference = C4C0E3BC2A73C0F10044BDE1 /* rick-and-morty.app */;
			productType = "com.apple.product-type.application";
		};
/* End PBXNativeTarget section */

/* Begin PBXProject section */
		C4C0E3B42A73C0F10044BDE1 /* Project object */ = {
			isa = PBXProject;
			attributes = {
				BuildIndependentTargetsInParallel = 1;
				LastSwiftUpdateCheck = 1430;
				LastUpgradeCheck = 1430;
				TargetAttributes = {
					C4C0E3BB2A73C0F10044BDE1 = {
						CreatedOnToolsVersion = 14.3.1;
					};
				};
			};
			buildConfigurationList = C4C0E3B72A73C0F10044BDE1 /* Build configuration list for PBXProject "rick-and-morty" */;
			compatibilityVersion = "Xcode 14.0";
			developmentRegion = en;
			hasScannedForEncodings = 0;
			knownRegions = (
				en,
				Base,
				es,
			);
			mainGroup = C4C0E3B32A73C0F10044BDE1;
			productRefGroup = C4C0E3BD2A73C0F10044BDE1 /* Products */;
			projectDirPath = "";
			projectRoot = "";
			targets = (
				C4C0E3BB2A73C0F10044BDE1 /* rick-and-morty */,
			);
		};
/* End PBXProject section */

/* Begin PBXResourcesBuildPhase section */
		C4C0E3BA2A73C0F10044BDE1 /* Resources */ = {
			isa = PBXResourcesBuildPhase;
			buildActionMask = 2147483647;
			files = (
				C4C0E3CC2A73C0F10044BDE1 /* LaunchScreen.storyboard in Resources */,
				C43517F92A8E4B8F00095D38 /* Localizable.strings in Resources */,
				C4C0E3DC2A73CE480044BDE1 /* SplashViewController.xib in Resources */,
				C4C0E3C92A73C0F10044BDE1 /* Assets.xcassets in Resources */,
			);
			runOnlyForDeploymentPostprocessing = 0;
		};
/* End PBXResourcesBuildPhase section */

/* Begin PBXShellScriptBuildPhase section */
		336067906617504E71780B2C /* [CP] Embed Pods Frameworks */ = {
			isa = PBXShellScriptBuildPhase;
			buildActionMask = 2147483647;
			files = (
			);
			inputFileListPaths = (
				"${PODS_ROOT}/Target Support Files/Pods-rick-and-morty/Pods-rick-and-morty-frameworks-${CONFIGURATION}-input-files.xcfilelist",
			);
			name = "[CP] Embed Pods Frameworks";
			outputFileListPaths = (
				"${PODS_ROOT}/Target Support Files/Pods-rick-and-morty/Pods-rick-and-morty-frameworks-${CONFIGURATION}-output-files.xcfilelist",
			);
			runOnlyForDeploymentPostprocessing = 0;
			shellPath = /bin/sh;
			shellScript = "\"${PODS_ROOT}/Target Support Files/Pods-rick-and-morty/Pods-rick-and-morty-frameworks.sh\"\n";
			showEnvVarsInLog = 0;
		};
		809759CC94DC7C6E9A8D6B46 /* [CP] Check Pods Manifest.lock */ = {
			isa = PBXShellScriptBuildPhase;
			buildActionMask = 2147483647;
			files = (
			);
			inputFileListPaths = (
			);
			inputPaths = (
				"${PODS_PODFILE_DIR_PATH}/Podfile.lock",
				"${PODS_ROOT}/Manifest.lock",
			);
			name = "[CP] Check Pods Manifest.lock";
			outputFileListPaths = (
			);
			outputPaths = (
				"$(DERIVED_FILE_DIR)/Pods-rick-and-morty-checkManifestLockResult.txt",
			);
			runOnlyForDeploymentPostprocessing = 0;
			shellPath = /bin/sh;
			shellScript = "diff \"${PODS_PODFILE_DIR_PATH}/Podfile.lock\" \"${PODS_ROOT}/Manifest.lock\" > /dev/null\nif [ $? != 0 ] ; then\n    # print error to STDERR\n    echo \"error: The sandbox is not in sync with the Podfile.lock. Run 'pod install' or update your CocoaPods installation.\" >&2\n    exit 1\nfi\n# This output is used by Xcode 'outputs' to avoid re-running this script phase.\necho \"SUCCESS\" > \"${SCRIPT_OUTPUT_FILE_0}\"\n";
			showEnvVarsInLog = 0;
		};
/* End PBXShellScriptBuildPhase section */

/* Begin PBXSourcesBuildPhase section */
		C4C0E3B82A73C0F10044BDE1 /* Sources */ = {
			isa = PBXSourcesBuildPhase;
			buildActionMask = 2147483647;
			files = (
				C408E0932A8A5FC000CEB1B3 /* CharactersViewController.swift in Sources */,
				C4C66BED2AA872B500407E0D /* CharacterDetailPresenter.swift in Sources */,
				C408E08B2A8A2A8100CEB1B3 /* NetworkManager.swift in Sources */,
				C442A0D92A8FB61C001FBF70 /* CharacterDTO.swift in Sources */,
				C442A0D72A8FB608001FBF70 /* CharacterDataSource.swift in Sources */,
				C408E0992A8A606400CEB1B3 /* LocationsViewController.swift in Sources */,
				C442A0D12A8F79B9001FBF70 /* CharactersRouter.swift in Sources */,
				C46826E62A9367C60031167F /* CharacterOriginDTO.swift in Sources */,
				C4C66BEB2AA8729300407E0D /* CharacterDetailViewController.swift in Sources */,
				C408E0962A8A601E00CEB1B3 /* EpisodesViewController.swift in Sources */,
				C40D69232AAB77390032546E /* CharacterEpisodeCollectionViewCell.swift in Sources */,
				C408E08D2A8A2D9900CEB1B3 /* NetworkHTTPMethod.swift in Sources */,
				C442A0CD2A8F7889001FBF70 /* GetCharactersInteractor.swift in Sources */,
				C4D1356B2A96536C0044E5EB /* AllCharactersDTO.swift in Sources */,
				C4D135662A9612820044E5EB /* NetworkEndpoint.swift in Sources */,
				C442A0D32A8F79C6001FBF70 /* CharactersPresenter.swift in Sources */,
				C46826E82A9368C90031167F /* CharacterLocationDTO.swift in Sources */,
				C4C0E3C02A73C0F10044BDE1 /* AppDelegate.swift in Sources */,
				C4C66BE92AA8725E00407E0D /* CharacterDetailRouter.swift in Sources */,
				C442A0C42A8F63A3001FBF70 /* String+Localized.swift in Sources */,
				C4C0E3DB2A73CE480044BDE1 /* SplashViewController.swift in Sources */,
				C4D135692A9612D50044E5EB /* Constant.swift in Sources */,
				C408E0912A8A5C9800CEB1B3 /* TabBarViewController.swift in Sources */,
				C408E08F2A8A3B7400CEB1B3 /* NetworkError.swift in Sources */,
				C46826E42A9366340031167F /* CharacterGenderDTO.swift in Sources */,
				C46826EB2A93B61A0031167F /* NetworkURL.swift in Sources */,
				C4BD37492AA9C5AD00979D5D /* CharacterInfoCollectionViewCell.swift in Sources */,
				C4D4420D2A8CC73300DDABD5 /* UIColor+Settings.swift in Sources */,
				C4CEA3A52A8BBB8F009B4EAE /* CharacterTableViewCell.swift in Sources */,
				C46826E22A9364500031167F /* CharacterStatusDTO.swift in Sources */,
				C4198F932AB049D30015EB21 /* CharacterPhotoCollectionViewCell.swift in Sources */,
			);
			runOnlyForDeploymentPostprocessing = 0;
		};
/* End PBXSourcesBuildPhase section */

/* Begin PBXVariantGroup section */
		C43517FB2A8E4B8F00095D38 /* Localizable.strings */ = {
			isa = PBXVariantGroup;
			children = (
				C43517FA2A8E4B8F00095D38 /* en */,
				C43517FD2A8E4BDE00095D38 /* es */,
			);
			name = Localizable.strings;
			sourceTree = "<group>";
		};
		C4C0E3CA2A73C0F10044BDE1 /* LaunchScreen.storyboard */ = {
			isa = PBXVariantGroup;
			children = (
				C4C0E3CB2A73C0F10044BDE1 /* Base */,
			);
			name = LaunchScreen.storyboard;
			sourceTree = "<group>";
		};
/* End PBXVariantGroup section */

/* Begin XCBuildConfiguration section */
		C4C0E3CE2A73C0F10044BDE1 /* Debug */ = {
			isa = XCBuildConfiguration;
			buildSettings = {
				ALWAYS_SEARCH_USER_PATHS = NO;
				CLANG_ANALYZER_LOCALIZABILITY_NONLOCALIZED = YES;
				CLANG_ANALYZER_NONNULL = YES;
				CLANG_ANALYZER_NUMBER_OBJECT_CONVERSION = YES_AGGRESSIVE;
				CLANG_CXX_LANGUAGE_STANDARD = "gnu++20";
				CLANG_ENABLE_MODULES = YES;
				CLANG_ENABLE_OBJC_ARC = YES;
				CLANG_ENABLE_OBJC_WEAK = YES;
				CLANG_WARN_BLOCK_CAPTURE_AUTORELEASING = YES;
				CLANG_WARN_BOOL_CONVERSION = YES;
				CLANG_WARN_COMMA = YES;
				CLANG_WARN_CONSTANT_CONVERSION = YES;
				CLANG_WARN_DEPRECATED_OBJC_IMPLEMENTATIONS = YES;
				CLANG_WARN_DIRECT_OBJC_ISA_USAGE = YES_ERROR;
				CLANG_WARN_DOCUMENTATION_COMMENTS = YES;
				CLANG_WARN_EMPTY_BODY = YES;
				CLANG_WARN_ENUM_CONVERSION = YES;
				CLANG_WARN_INFINITE_RECURSION = YES;
				CLANG_WARN_INT_CONVERSION = YES;
				CLANG_WARN_NON_LITERAL_NULL_CONVERSION = YES;
				CLANG_WARN_OBJC_IMPLICIT_RETAIN_SELF = YES;
				CLANG_WARN_OBJC_LITERAL_CONVERSION = YES;
				CLANG_WARN_OBJC_ROOT_CLASS = YES_ERROR;
				CLANG_WARN_QUOTED_INCLUDE_IN_FRAMEWORK_HEADER = YES;
				CLANG_WARN_RANGE_LOOP_ANALYSIS = YES;
				CLANG_WARN_STRICT_PROTOTYPES = YES;
				CLANG_WARN_SUSPICIOUS_MOVE = YES;
				CLANG_WARN_UNGUARDED_AVAILABILITY = YES_AGGRESSIVE;
				CLANG_WARN_UNREACHABLE_CODE = YES;
				CLANG_WARN__DUPLICATE_METHOD_MATCH = YES;
				COPY_PHASE_STRIP = NO;
				DEBUG_INFORMATION_FORMAT = dwarf;
				ENABLE_STRICT_OBJC_MSGSEND = YES;
				ENABLE_TESTABILITY = YES;
				GCC_C_LANGUAGE_STANDARD = gnu11;
				GCC_DYNAMIC_NO_PIC = NO;
				GCC_NO_COMMON_BLOCKS = YES;
				GCC_OPTIMIZATION_LEVEL = 0;
				GCC_PREPROCESSOR_DEFINITIONS = (
					"DEBUG=1",
					"$(inherited)",
				);
				GCC_WARN_64_TO_32_BIT_CONVERSION = YES;
				GCC_WARN_ABOUT_RETURN_TYPE = YES_ERROR;
				GCC_WARN_UNDECLARED_SELECTOR = YES;
				GCC_WARN_UNINITIALIZED_AUTOS = YES_AGGRESSIVE;
				GCC_WARN_UNUSED_FUNCTION = YES;
				GCC_WARN_UNUSED_VARIABLE = YES;
				IPHONEOS_DEPLOYMENT_TARGET = 16.0;
				MTL_ENABLE_DEBUG_INFO = INCLUDE_SOURCE;
				MTL_FAST_MATH = YES;
				ONLY_ACTIVE_ARCH = YES;
				SDKROOT = iphoneos;
				SWIFT_ACTIVE_COMPILATION_CONDITIONS = DEBUG;
				SWIFT_OPTIMIZATION_LEVEL = "-Onone";
			};
			name = Debug;
		};
		C4C0E3CF2A73C0F10044BDE1 /* Release */ = {
			isa = XCBuildConfiguration;
			buildSettings = {
				ALWAYS_SEARCH_USER_PATHS = NO;
				CLANG_ANALYZER_LOCALIZABILITY_NONLOCALIZED = YES;
				CLANG_ANALYZER_NONNULL = YES;
				CLANG_ANALYZER_NUMBER_OBJECT_CONVERSION = YES_AGGRESSIVE;
				CLANG_CXX_LANGUAGE_STANDARD = "gnu++20";
				CLANG_ENABLE_MODULES = YES;
				CLANG_ENABLE_OBJC_ARC = YES;
				CLANG_ENABLE_OBJC_WEAK = YES;
				CLANG_WARN_BLOCK_CAPTURE_AUTORELEASING = YES;
				CLANG_WARN_BOOL_CONVERSION = YES;
				CLANG_WARN_COMMA = YES;
				CLANG_WARN_CONSTANT_CONVERSION = YES;
				CLANG_WARN_DEPRECATED_OBJC_IMPLEMENTATIONS = YES;
				CLANG_WARN_DIRECT_OBJC_ISA_USAGE = YES_ERROR;
				CLANG_WARN_DOCUMENTATION_COMMENTS = YES;
				CLANG_WARN_EMPTY_BODY = YES;
				CLANG_WARN_ENUM_CONVERSION = YES;
				CLANG_WARN_INFINITE_RECURSION = YES;
				CLANG_WARN_INT_CONVERSION = YES;
				CLANG_WARN_NON_LITERAL_NULL_CONVERSION = YES;
				CLANG_WARN_OBJC_IMPLICIT_RETAIN_SELF = YES;
				CLANG_WARN_OBJC_LITERAL_CONVERSION = YES;
				CLANG_WARN_OBJC_ROOT_CLASS = YES_ERROR;
				CLANG_WARN_QUOTED_INCLUDE_IN_FRAMEWORK_HEADER = YES;
				CLANG_WARN_RANGE_LOOP_ANALYSIS = YES;
				CLANG_WARN_STRICT_PROTOTYPES = YES;
				CLANG_WARN_SUSPICIOUS_MOVE = YES;
				CLANG_WARN_UNGUARDED_AVAILABILITY = YES_AGGRESSIVE;
				CLANG_WARN_UNREACHABLE_CODE = YES;
				CLANG_WARN__DUPLICATE_METHOD_MATCH = YES;
				COPY_PHASE_STRIP = NO;
				DEBUG_INFORMATION_FORMAT = "dwarf-with-dsym";
				ENABLE_NS_ASSERTIONS = NO;
				ENABLE_STRICT_OBJC_MSGSEND = YES;
				GCC_C_LANGUAGE_STANDARD = gnu11;
				GCC_NO_COMMON_BLOCKS = YES;
				GCC_WARN_64_TO_32_BIT_CONVERSION = YES;
				GCC_WARN_ABOUT_RETURN_TYPE = YES_ERROR;
				GCC_WARN_UNDECLARED_SELECTOR = YES;
				GCC_WARN_UNINITIALIZED_AUTOS = YES_AGGRESSIVE;
				GCC_WARN_UNUSED_FUNCTION = YES;
				GCC_WARN_UNUSED_VARIABLE = YES;
				IPHONEOS_DEPLOYMENT_TARGET = 16.0;
				MTL_ENABLE_DEBUG_INFO = NO;
				MTL_FAST_MATH = YES;
				SDKROOT = iphoneos;
				SWIFT_COMPILATION_MODE = wholemodule;
				SWIFT_OPTIMIZATION_LEVEL = "-O";
				VALIDATE_PRODUCT = YES;
			};
			name = Release;
		};
		C4C0E3D12A73C0F10044BDE1 /* Debug */ = {
			isa = XCBuildConfiguration;
			baseConfigurationReference = D1966DEF0F09E70A25B9A2E3 /* Pods-rick-and-morty.debug.xcconfig */;
			buildSettings = {
				ASSETCATALOG_COMPILER_APPICON_NAME = AppIcon;
				ASSETCATALOG_COMPILER_GLOBAL_ACCENT_COLOR_NAME = AccentColor;
				CODE_SIGN_STYLE = Automatic;
				CURRENT_PROJECT_VERSION = 1;
				DEVELOPMENT_TEAM = 67VYH75QRG;
				GENERATE_INFOPLIST_FILE = YES;
				INFOPLIST_FILE = "rick-and-morty/Resource/Info.plist";
				INFOPLIST_KEY_UIApplicationSupportsIndirectInputEvents = YES;
				INFOPLIST_KEY_UILaunchStoryboardName = LaunchScreen.storyboard;
				INFOPLIST_KEY_UIMainStoryboardFile = "";
				INFOPLIST_KEY_UIStatusBarStyle = "";
				INFOPLIST_KEY_UISupportedInterfaceOrientations = UIInterfaceOrientationPortrait;
				INFOPLIST_KEY_UISupportedInterfaceOrientations_iPad = "UIInterfaceOrientationLandscapeLeft UIInterfaceOrientationLandscapeRight UIInterfaceOrientationPortrait UIInterfaceOrientationPortraitUpsideDown";
				IPHONEOS_DEPLOYMENT_TARGET = 16.0;
				LD_RUNPATH_SEARCH_PATHS = (
					"$(inherited)",
					"@executable_path/Frameworks",
				);
				MARKETING_VERSION = 1.0;
				PRODUCT_BUNDLE_IDENTIFIER = "com.carlosmorgado.rick-and-morty";
				PRODUCT_NAME = "$(TARGET_NAME)";
				SUPPORTED_PLATFORMS = "iphoneos iphonesimulator";
				SUPPORTS_MACCATALYST = NO;
				SUPPORTS_MAC_DESIGNED_FOR_IPHONE_IPAD = NO;
				SWIFT_EMIT_LOC_STRINGS = YES;
				SWIFT_VERSION = 5.0;
				TARGETED_DEVICE_FAMILY = 1;
			};
			name = Debug;
		};
		C4C0E3D22A73C0F10044BDE1 /* Release */ = {
			isa = XCBuildConfiguration;
			baseConfigurationReference = 60091861B62A76F1BA896ED7 /* Pods-rick-and-morty.release.xcconfig */;
			buildSettings = {
				ASSETCATALOG_COMPILER_APPICON_NAME = AppIcon;
				ASSETCATALOG_COMPILER_GLOBAL_ACCENT_COLOR_NAME = AccentColor;
				CODE_SIGN_STYLE = Automatic;
				CURRENT_PROJECT_VERSION = 1;
				DEVELOPMENT_TEAM = 67VYH75QRG;
				GENERATE_INFOPLIST_FILE = YES;
				INFOPLIST_FILE = "rick-and-morty/Resource/Info.plist";
				INFOPLIST_KEY_UIApplicationSupportsIndirectInputEvents = YES;
				INFOPLIST_KEY_UILaunchStoryboardName = LaunchScreen.storyboard;
				INFOPLIST_KEY_UIMainStoryboardFile = "";
				INFOPLIST_KEY_UIStatusBarStyle = "";
				INFOPLIST_KEY_UISupportedInterfaceOrientations = UIInterfaceOrientationPortrait;
				INFOPLIST_KEY_UISupportedInterfaceOrientations_iPad = "UIInterfaceOrientationLandscapeLeft UIInterfaceOrientationLandscapeRight UIInterfaceOrientationPortrait UIInterfaceOrientationPortraitUpsideDown";
				IPHONEOS_DEPLOYMENT_TARGET = 16.0;
				LD_RUNPATH_SEARCH_PATHS = (
					"$(inherited)",
					"@executable_path/Frameworks",
				);
				MARKETING_VERSION = 1.0;
				PRODUCT_BUNDLE_IDENTIFIER = "com.carlosmorgado.rick-and-morty";
				PRODUCT_NAME = "$(TARGET_NAME)";
				SUPPORTED_PLATFORMS = "iphoneos iphonesimulator";
				SUPPORTS_MACCATALYST = NO;
				SUPPORTS_MAC_DESIGNED_FOR_IPHONE_IPAD = NO;
				SWIFT_EMIT_LOC_STRINGS = YES;
				SWIFT_VERSION = 5.0;
				TARGETED_DEVICE_FAMILY = 1;
			};
			name = Release;
		};
/* End XCBuildConfiguration section */

/* Begin XCConfigurationList section */
		C4C0E3B72A73C0F10044BDE1 /* Build configuration list for PBXProject "rick-and-morty" */ = {
			isa = XCConfigurationList;
			buildConfigurations = (
				C4C0E3CE2A73C0F10044BDE1 /* Debug */,
				C4C0E3CF2A73C0F10044BDE1 /* Release */,
			);
			defaultConfigurationIsVisible = 0;
			defaultConfigurationName = Release;
		};
		C4C0E3D02A73C0F10044BDE1 /* Build configuration list for PBXNativeTarget "rick-and-morty" */ = {
			isa = XCConfigurationList;
			buildConfigurations = (
				C4C0E3D12A73C0F10044BDE1 /* Debug */,
				C4C0E3D22A73C0F10044BDE1 /* Release */,
			);
			defaultConfigurationIsVisible = 0;
			defaultConfigurationName = Release;
		};
/* End XCConfigurationList section */
	};
	rootObject = C4C0E3B42A73C0F10044BDE1 /* Project object */;
}
